
Microsoft Visual Studio Solution File, Format Version 12.00
# Visual Studio Version 17
VisualStudioVersion = 17.9.34714.143
MinimumVisualStudioVersion = 10.0.40219.1
Project("{FAE04EC0-301F-11D3-BF4B-00C04F79EFBC}") = "WebApplication 10.5", "WebApplication 10.5\WebApplication 10.5.csproj", "{D0B090D2-E228-4326-A66B-9876E9034F6B}"
EndProject
Global
	GlobalSection(SolutionConfigurationPlatforms) = preSolution
		Debug|Any CPU = Debug|Any CPU
		Release|Any CPU = Release|Any CPU
	EndGlobalSection
	GlobalSection(ProjectConfigurationPlatforms) = postSolution
		{D0B090D2-E228-4326-A66B-9876E9034F6B}.Debug|Any CPU.ActiveCfg = Debug|Any CPU
		{D0B090D2-E228-4326-A66B-9876E9034F6B}.Debug|Any CPU.Build.0 = Debug|Any CPU
		{D0B090D2-E228-4326-A66B-9876E9034F6B}.Release|Any CPU.ActiveCfg = Release|Any CPU
		{D0B090D2-E228-4326-A66B-9876E9034F6B}.Release|Any CPU.Build.0 = Release|Any CPU
	EndGlobalSection
	GlobalSection(SolutionProperties) = preSolution
		HideSolutionNode = FALSE
	EndGlobalSection
	GlobalSection(ExtensibilityGlobals) = postSolution
		SolutionGuid = {B5DA0A4A-394F-4492-ACB3-1F530FCF8965}
	EndGlobalSection
EndGlobal
